
Microsoft Visual Studio Solution File, Format Version 12.00
# Visual Studio Version 16
VisualStudioVersion = 16.0.28822.285
MinimumVisualStudioVersion = 10.0.40219.1
Project("{FAE04EC0-301F-11D3-BF4B-00C04F79EFBC}") = "SharpEngine", "SharpEngine.csproj", "{30A3806D-5052-4199-8B26-5A9D3AD6DF7C}"
EndProject
Global
	GlobalSection(SolutionConfigurationPlatforms) = preSolution
		Debug|Any CPU = Debug|Any CPU
		Release|Any CPU = Release|Any CPU
	EndGlobalSection
	GlobalSection(ProjectConfigurationPlatforms) = postSolution
		{30A3806D-5052-4199-8B26-5A9D3AD6DF7C}.Debug|Any CPU.ActiveCfg = Debug|Any CPU
		{30A3806D-5052-4199-8B26-5A9D3AD6DF7C}.Debug|Any CPU.Build.0 = Debug|Any CPU
		{30A3806D-5052-4199-8B26-5A9D3AD6DF7C}.Release|Any CPU.ActiveCfg = Release|Any CPU
		{30A3806D-5052-4199-8B26-5A9D3AD6DF7C}.Release|Any CPU.Build.0 = Release|Any CPU
	EndGlobalSection
	GlobalSection(SolutionProperties) = preSolution
		HideSolutionNode = FALSE
	EndGlobalSection
	GlobalSection(ExtensibilityGlobals) = postSolution
		SolutionGuid = {90671CBE-E4B8-4986-835F-8B51436675A2}
	EndGlobalSection
EndGlobal
